
Microsoft Visual Studio Solution File, Format Version 12.00
# Visual Studio Version 17
VisualStudioVersion = 17.4.33213.308
MinimumVisualStudioVersion = 10.0.40219.1
Project("{FAE04EC0-301F-11D3-BF4B-00C04F79EFBC}") = "NLayer.Core", "NLayer.Core\NLayer.Core.csproj", "{6914310E-3928-48EA-B921-888C69F3120F}"
EndProject
Project("{FAE04EC0-301F-11D3-BF4B-00C04F79EFBC}") = "NLayer.Repository", "NLayer.Repository\NLayer.Repository.csproj", "{BD00FD49-11E5-4E1F-8693-09A08E14AFD9}"
EndProject
Project("{FAE04EC0-301F-11D3-BF4B-00C04F79EFBC}") = "NLayer.Service", "NLayer.Service\NLayer.Service.csproj", "{B9A8D148-4A4D-4D04-AEC7-E01B414C4810}"
EndProject
Project("{FAE04EC0-301F-11D3-BF4B-00C04F79EFBC}") = "NLayer.API", "NLayer.API\NLayer.API.csproj", "{52C499A0-E206-4BC9-813A-8F535A5FED18}"
EndProject
Project("{FAE04EC0-301F-11D3-BF4B-00C04F79EFBC}") = "NLayer.Web", "NLayer.Web\NLayer.Web.csproj", "{36B9E055-887E-4481-9D12-5B8DE173B8EB}"
EndProject
Global
	GlobalSection(SolutionConfigurationPlatforms) = preSolution
		Debug|Any CPU = Debug|Any CPU
		Release|Any CPU = Release|Any CPU
	EndGlobalSection
	GlobalSection(ProjectConfigurationPlatforms) = postSolution
		{6914310E-3928-48EA-B921-888C69F3120F}.Debug|Any CPU.ActiveCfg = Debug|Any CPU
		{6914310E-3928-48EA-B921-888C69F3120F}.Debug|Any CPU.Build.0 = Debug|Any CPU
		{6914310E-3928-48EA-B921-888C69F3120F}.Release|Any CPU.ActiveCfg = Release|Any CPU
		{6914310E-3928-48EA-B921-888C69F3120F}.Release|Any CPU.Build.0 = Release|Any CPU
		{BD00FD49-11E5-4E1F-8693-09A08E14AFD9}.Debug|Any CPU.ActiveCfg = Debug|Any CPU
		{BD00FD49-11E5-4E1F-8693-09A08E14AFD9}.Debug|Any CPU.Build.0 = Debug|Any CPU
		{BD00FD49-11E5-4E1F-8693-09A08E14AFD9}.Release|Any CPU.ActiveCfg = Release|Any CPU
		{BD00FD49-11E5-4E1F-8693-09A08E14AFD9}.Release|Any CPU.Build.0 = Release|Any CPU
		{B9A8D148-4A4D-4D04-AEC7-E01B414C4810}.Debug|Any CPU.ActiveCfg = Debug|Any CPU
		{B9A8D148-4A4D-4D04-AEC7-E01B414C4810}.Debug|Any CPU.Build.0 = Debug|Any CPU
		{B9A8D148-4A4D-4D04-AEC7-E01B414C4810}.Release|Any CPU.ActiveCfg = Release|Any CPU
		{B9A8D148-4A4D-4D04-AEC7-E01B414C4810}.Release|Any CPU.Build.0 = Release|Any CPU
		{52C499A0-E206-4BC9-813A-8F535A5FED18}.Debug|Any CPU.ActiveCfg = Debug|Any CPU
		{52C499A0-E206-4BC9-813A-8F535A5FED18}.Debug|Any CPU.Build.0 = Debug|Any CPU
		{52C499A0-E206-4BC9-813A-8F535A5FED18}.Release|Any CPU.ActiveCfg = Release|Any CPU
		{52C499A0-E206-4BC9-813A-8F535A5FED18}.Release|Any CPU.Build.0 = Release|Any CPU
		{36B9E055-887E-4481-9D12-5B8DE173B8EB}.Debug|Any CPU.ActiveCfg = Debug|Any CPU
		{36B9E055-887E-4481-9D12-5B8DE173B8EB}.Debug|Any CPU.Build.0 = Debug|Any CPU
		{36B9E055-887E-4481-9D12-5B8DE173B8EB}.Release|Any CPU.ActiveCfg = Release|Any CPU
		{36B9E055-887E-4481-9D12-5B8DE173B8EB}.Release|Any CPU.Build.0 = Release|Any CPU
	EndGlobalSection
	GlobalSection(SolutionProperties) = preSolution
		HideSolutionNode = FALSE
	EndGlobalSection
	GlobalSection(ExtensibilityGlobals) = postSolution
		SolutionGuid = {9DA5920D-2BB6-4799-9DC9-82B9637DF6B0}
	EndGlobalSection
EndGlobal
